
Microsoft Visual Studio Solution File, Format Version 12.00
# Visual Studio Version 17
VisualStudioVersion = 17.14.36414.22 d17.14
MinimumVisualStudioVersion = 10.0.40219.1
Project("{FAE04EC0-301F-11D3-BF4B-00C04F79EFBC}") = "TienditaUAM", "TienditaUAM\TienditaUAM.csproj", "{9E42B287-D865-45D8-97A6-8C5D38AEEFD3}"
EndProject
Global
	GlobalSection(SolutionConfigurationPlatforms) = preSolution
		Debug|Any CPU = Debug|Any CPU
		Release|Any CPU = Release|Any CPU
	EndGlobalSection
	GlobalSection(ProjectConfigurationPlatforms) = postSolution
		{9E42B287-D865-45D8-97A6-8C5D38AEEFD3}.Debug|Any CPU.ActiveCfg = Debug|Any CPU
		{9E42B287-D865-45D8-97A6-8C5D38AEEFD3}.Debug|Any CPU.Build.0 = Debug|Any CPU
		{9E42B287-D865-45D8-97A6-8C5D38AEEFD3}.Release|Any CPU.ActiveCfg = Release|Any CPU
		{9E42B287-D865-45D8-97A6-8C5D38AEEFD3}.Release|Any CPU.Build.0 = Release|Any CPU
	EndGlobalSection
	GlobalSection(SolutionProperties) = preSolution
		HideSolutionNode = FALSE
	EndGlobalSection
	GlobalSection(ExtensibilityGlobals) = postSolution
		SolutionGuid = {FB151637-0913-477C-A158-FDB104BAB130}
	EndGlobalSection
EndGlobal
